
Microsoft Visual Studio Solution File, Format Version 12.00
# Visual Studio 15
VisualStudioVersion = 15.0.26730.10
MinimumVisualStudioVersion = 10.0.40219.1
Project("{8BC9CEB8-8B4A-11D0-8D11-00A0C91BC942}") = "ReverseLinkedList", "ReverseLinkedList\ReverseLinkedList.vcxproj", "{4DCAF7E6-2E72-4E50-B825-8A12BF073AEA}"
EndProject
Global
	GlobalSection(SolutionConfigurationPlatforms) = preSolution
		Debug|x64 = Debug|x64
		Debug|x86 = Debug|x86
		Release|x64 = Release|x64
		Release|x86 = Release|x86
	EndGlobalSection
	GlobalSection(ProjectConfigurationPlatforms) = postSolution
		{4DCAF7E6-2E72-4E50-B825-8A12BF073AEA}.Debug|x64.ActiveCfg = Debug|x64
		{4DCAF7E6-2E72-4E50-B825-8A12BF073AEA}.Debug|x64.Build.0 = Debug|x64
		{4DCAF7E6-2E72-4E50-B825-8A12BF073AEA}.Debug|x86.ActiveCfg = Debug|Win32
		{4DCAF7E6-2E72-4E50-B825-8A12BF073AEA}.Debug|x86.Build.0 = Debug|Win32
		{4DCAF7E6-2E72-4E50-B825-8A12BF073AEA}.Release|x64.ActiveCfg = Release|x64
		{4DCAF7E6-2E72-4E50-B825-8A12BF073AEA}.Release|x64.Build.0 = Release|x64
		{4DCAF7E6-2E72-4E50-B825-8A12BF073AEA}.Release|x86.ActiveCfg = Release|Win32
		{4DCAF7E6-2E72-4E50-B825-8A12BF073AEA}.Release|x86.Build.0 = Release|Win32
	EndGlobalSection
	GlobalSection(SolutionProperties) = preSolution
		HideSolutionNode = FALSE
	EndGlobalSection
	GlobalSection(ExtensibilityGlobals) = postSolution
		SolutionGuid = {C0751202-AAD1-4EE1-8B3F-414EC575EC1C}
	EndGlobalSection
EndGlobal
