
Microsoft Visual Studio Solution File, Format Version 12.00
# Visual Studio 15
VisualStudioVersion = 15.0.26730.10
MinimumVisualStudioVersion = 10.0.40219.1
Project("{8BC9CEB8-8B4A-11D0-8D11-00A0C91BC942}") = "LongestCommonSubsequence", "LongestCommonSubsequence\LongestCommonSubsequence.vcxproj", "{2BDBF86A-7BFE-4EC0-8DF5-3F133FB4A550}"
EndProject
Global
	GlobalSection(SolutionConfigurationPlatforms) = preSolution
		Debug|x64 = Debug|x64
		Debug|x86 = Debug|x86
		Release|x64 = Release|x64
		Release|x86 = Release|x86
	EndGlobalSection
	GlobalSection(ProjectConfigurationPlatforms) = postSolution
		{2BDBF86A-7BFE-4EC0-8DF5-3F133FB4A550}.Debug|x64.ActiveCfg = Debug|x64
		{2BDBF86A-7BFE-4EC0-8DF5-3F133FB4A550}.Debug|x64.Build.0 = Debug|x64
		{2BDBF86A-7BFE-4EC0-8DF5-3F133FB4A550}.Debug|x86.ActiveCfg = Debug|Win32
		{2BDBF86A-7BFE-4EC0-8DF5-3F133FB4A550}.Debug|x86.Build.0 = Debug|Win32
		{2BDBF86A-7BFE-4EC0-8DF5-3F133FB4A550}.Release|x64.ActiveCfg = Release|x64
		{2BDBF86A-7BFE-4EC0-8DF5-3F133FB4A550}.Release|x64.Build.0 = Release|x64
		{2BDBF86A-7BFE-4EC0-8DF5-3F133FB4A550}.Release|x86.ActiveCfg = Release|Win32
		{2BDBF86A-7BFE-4EC0-8DF5-3F133FB4A550}.Release|x86.Build.0 = Release|Win32
	EndGlobalSection
	GlobalSection(SolutionProperties) = preSolution
		HideSolutionNode = FALSE
	EndGlobalSection
	GlobalSection(ExtensibilityGlobals) = postSolution
		SolutionGuid = {962DEA2D-C0FA-4FE5-9FAF-9CE86F1FD95F}
	EndGlobalSection
EndGlobal
