
Microsoft Visual Studio Solution File, Format Version 12.00
# Visual Studio 15
VisualStudioVersion = 15.0.26730.12
MinimumVisualStudioVersion = 10.0.40219.1
Project("{8BC9CEB8-8B4A-11D0-8D11-00A0C91BC942}") = "MatrixMinCostPath", "MatrixMinCostPath\MatrixMinCostPath.vcxproj", "{E64D7E9C-7433-4883-A6AC-156977C3E94B}"
EndProject
Global
	GlobalSection(SolutionConfigurationPlatforms) = preSolution
		Debug|x64 = Debug|x64
		Debug|x86 = Debug|x86
		Release|x64 = Release|x64
		Release|x86 = Release|x86
	EndGlobalSection
	GlobalSection(ProjectConfigurationPlatforms) = postSolution
		{E64D7E9C-7433-4883-A6AC-156977C3E94B}.Debug|x64.ActiveCfg = Debug|x64
		{E64D7E9C-7433-4883-A6AC-156977C3E94B}.Debug|x64.Build.0 = Debug|x64
		{E64D7E9C-7433-4883-A6AC-156977C3E94B}.Debug|x86.ActiveCfg = Debug|Win32
		{E64D7E9C-7433-4883-A6AC-156977C3E94B}.Debug|x86.Build.0 = Debug|Win32
		{E64D7E9C-7433-4883-A6AC-156977C3E94B}.Release|x64.ActiveCfg = Release|x64
		{E64D7E9C-7433-4883-A6AC-156977C3E94B}.Release|x64.Build.0 = Release|x64
		{E64D7E9C-7433-4883-A6AC-156977C3E94B}.Release|x86.ActiveCfg = Release|Win32
		{E64D7E9C-7433-4883-A6AC-156977C3E94B}.Release|x86.Build.0 = Release|Win32
	EndGlobalSection
	GlobalSection(SolutionProperties) = preSolution
		HideSolutionNode = FALSE
	EndGlobalSection
	GlobalSection(ExtensibilityGlobals) = postSolution
		SolutionGuid = {3543B083-B7AB-417F-AC59-1E1EAAB7FBDC}
	EndGlobalSection
EndGlobal
